PODS:
  - Realm (2.8.1):
    - Realm/Headers (= 2.8.1)
  - Realm/Headers (2.8.1)

DEPENDENCIES:
  - Realm (= 2.8.1)

SPEC REPOS:
  https://github.com/CocoaPods/Specs.git:
    - Realm

SPEC CHECKSUMS:
  Realm: 2627602ad6818451f0cb8c2a6e072f7f10a5f360

PODFILE CHECKSUM: a6c44fc8b3f79f2f4daf17bf9f1f15a6442cd092

COCOAPODS: 1.5.0
